
Microsoft Visual Studio Solution File, Format Version 12.00
# Visual Studio Version 17
VisualStudioVersion = 17.2.32630.192
MinimumVisualStudioVersion = 10.0.40219.1
Project("{FAE04EC0-301F-11D3-BF4B-00C04F79EFBC}") = "Kata810", "Kata810.csproj", "{1DB6C1F0-36AD-40CE-8708-EA0218DB0FEF}"
EndProject
Global
	GlobalSection(SolutionConfigurationPlatforms) = preSolution
		Debug|Any CPU = Debug|Any CPU
		Release|Any CPU = Release|Any CPU
	EndGlobalSection
	GlobalSection(ProjectConfigurationPlatforms) = postSolution
		{1DB6C1F0-36AD-40CE-8708-EA0218DB0FEF}.Debug|Any CPU.ActiveCfg = Debug|Any CPU
		{1DB6C1F0-36AD-40CE-8708-EA0218DB0FEF}.Debug|Any CPU.Build.0 = Debug|Any CPU
		{1DB6C1F0-36AD-40CE-8708-EA0218DB0FEF}.Release|Any CPU.ActiveCfg = Release|Any CPU
		{1DB6C1F0-36AD-40CE-8708-EA0218DB0FEF}.Release|Any CPU.Build.0 = Release|Any CPU
	EndGlobalSection
	GlobalSection(SolutionProperties) = preSolution
		HideSolutionNode = FALSE
	EndGlobalSection
	GlobalSection(ExtensibilityGlobals) = postSolution
		SolutionGuid = {6BCC5320-5786-4592-9EAC-EADBE4D16711}
	EndGlobalSection
EndGlobal
